
Microsoft Visual Studio Solution File, Format Version 12.00
# Visual Studio Version 17
VisualStudioVersion = 17.5.33424.131
MinimumVisualStudioVersion = 10.0.40219.1
Project("{FAE04EC0-301F-11D3-BF4B-00C04F79EFBC}") = "Id", "Id\Id.csproj", "{F9E11FA4-CA6E-4514-A899-617C8E1B87B5}"
EndProject
Global
	GlobalSection(SolutionConfigurationPlatforms) = preSolution
		Debug|Any CPU = Debug|Any CPU
		Release|Any CPU = Release|Any CPU
	EndGlobalSection
	GlobalSection(ProjectConfigurationPlatforms) = postSolution
		{F9E11FA4-CA6E-4514-A899-617C8E1B87B5}.Debug|Any CPU.ActiveCfg = Debug|Any CPU
		{F9E11FA4-CA6E-4514-A899-617C8E1B87B5}.Debug|Any CPU.Build.0 = Debug|Any CPU
		{F9E11FA4-CA6E-4514-A899-617C8E1B87B5}.Release|Any CPU.ActiveCfg = Release|Any CPU
		{F9E11FA4-CA6E-4514-A899-617C8E1B87B5}.Release|Any CPU.Build.0 = Release|Any CPU
	EndGlobalSection
	GlobalSection(SolutionProperties) = preSolution
		HideSolutionNode = FALSE
	EndGlobalSection
	GlobalSection(ExtensibilityGlobals) = postSolution
		SolutionGuid = {347FD6A8-40CB-4B4D-81BD-32E6525DF7F4}
	EndGlobalSection
EndGlobal
